// !$*UTF8*$!
{
	archiveVersion = 1;
	classes = {
	};
	objectVersion = 48;
	objects = {

/* Begin PBXBuildFile section */
		4C22F0D405B12C29D7F22F6C /* libPods-SpotifyAnalyzer.a in Frameworks */ = {isa = PBXBuildFile; fileRef = 2E3B1F83CBCCCFD1B25A5D14 /* libPods-SpotifyAnalyzer.a */; };
		E5153ABF250CC53500C7E426 /* PlaylistLoader.swift in Sources */ = {isa = PBXBuildFile; fileRef = E5153ABE250CC53500C7E426 /* PlaylistLoader.swift */; };
		E539A9D72517F72000B577B8 /* RefreshTokenResponse.swift in Sources */ = {isa = PBXBuildFile; fileRef = E539A9D62517F72000B577B8 /* RefreshTokenResponse.swift */; };
		E539A9D92518A51300B577B8 /* CurrentSessionManager.swift in Sources */ = {isa = PBXBuildFile; fileRef = E539A9D82518A51300B577B8 /* CurrentSessionManager.swift */; };
		E539A9DB2518FA6B00B577B8 /* WebAuthViewController.swift in Sources */ = {isa = PBXBuildFile; fileRef = E539A9DA2518FA6B00B577B8 /* WebAuthViewController.swift */; };
		E58EB8AE24EC032300ACA2D1 /* ConstantInfo.swift in Sources */ = {isa = PBXBuildFile; fileRef = E58EB8AD24EC032300ACA2D1 /* ConstantInfo.swift */; };
		E597D1B824EA7643001045A0 /* AppDelegate.swift in Sources */ = {isa = PBXBuildFile; fileRef = E597D1B724EA7643001045A0 /* AppDelegate.swift */; };
		E597D1BC24EA7643001045A0 /* ViewController.swift in Sources */ = {isa = PBXBuildFile; fileRef = E597D1BB24EA7643001045A0 /* ViewController.swift */; };
		E597D1C124EA7645001045A0 /* Assets.xcassets in Resources */ = {isa = PBXBuildFile; fileRef = E597D1C024EA7645001045A0 /* Assets.xcassets */; };
		E597D1C424EA7645001045A0 /* LaunchScreen.storyboard in Resources */ = {isa = PBXBuildFile; fileRef = E597D1C224EA7645001045A0 /* LaunchScreen.storyboard */; };
		E597D1CC24EA7E1A001045A0 /* SpotifyiOS.framework in Frameworks */ = {isa = PBXBuildFile; fileRef = E597D1CB24EA7E1A001045A0 /* SpotifyiOS.framework */; };
		E59B80F9250D140F00E484E9 /* PlaylistsTableViewController.swift in Sources */ = {isa = PBXBuildFile; fileRef = E59B80F8250D140F00E484E9 /* PlaylistsTableViewController.swift */; };
		E59B80FB250D167600E484E9 /* PlaylistTableViewCell.swift in Sources */ = {isa = PBXBuildFile; fileRef = E59B80FA250D167600E484E9 /* PlaylistTableViewCell.swift */; };
		E59B80FD250DF9B700E484E9 /* PlaylistStore.swift in Sources */ = {isa = PBXBuildFile; fileRef = E59B80FC250DF9B700E484E9 /* PlaylistStore.swift */; };
		E59B8101250E0D0C00E484E9 /* PlaylistsResponse.swift in Sources */ = {isa = PBXBuildFile; fileRef = E59B8100250E0D0C00E484E9 /* PlaylistsResponse.swift */; };
		E5D83D94251F59D1007D151B /* PlaylistInfoViewController.swift in Sources */ = {isa = PBXBuildFile; fileRef = E5D83D93251F59D1007D151B /* PlaylistInfoViewController.swift */; };
		E5D83D96251F89A7007D151B /* PlaylistInfo.swift in Sources */ = {isa = PBXBuildFile; fileRef = E5D83D95251F89A7007D151B /* PlaylistInfo.swift */; };
		E5D83D982521D5D9007D151B /* PlaylistAnalyzer.swift in Sources */ = {isa = PBXBuildFile; fileRef = E5D83D972521D5D9007D151B /* PlaylistAnalyzer.swift */; };
		E5F3D88224ED0A1500AE5C55 /* AuthorizationClass.swift in Sources */ = {isa = PBXBuildFile; fileRef = E5F3D88124ED0A1500AE5C55 /* AuthorizationClass.swift */; };
		E5F3D88624ED3BEE00AE5C55 /* SceneDelegate.swift in Sources */ = {isa = PBXBuildFile; fileRef = E5F3D88524ED3BEE00AE5C55 /* SceneDelegate.swift */; };
/* End PBXBuildFile section */

/* Begin PBXFileReference section */
		01C08C4B8EDC204DB3943F9C /* Pods-SpotifyAnalyzer.debug.xcconfig */ = {isa = PBXFileReference; includeInIndex = 1; lastKnownFileType = text.xcconfig; name = "Pods-SpotifyAnalyzer.debug.xcconfig"; path = "Target Support Files/Pods-SpotifyAnalyzer/Pods-SpotifyAnalyzer.debug.xcconfig"; sourceTree = "<group>"; };
		2E3B1F83CBCCCFD1B25A5D14 /* libPods-SpotifyAnalyzer.a */ = {isa = PBXFileReference; explicitFileType = archive.ar; includeInIndex = 0; path = "libPods-SpotifyAnalyzer.a"; sourceTree = BUILT_PRODUCTS_DIR; };
		7BDC908C6752BB183F950F40 /* Pods-SpotifyAnalyzer.release.xcconfig */ = {isa = PBXFileReference; includeInIndex = 1; lastKnownFileType = text.xcconfig; name = "Pods-SpotifyAnalyzer.release.xcconfig"; path = "Target Support Files/Pods-SpotifyAnalyzer/Pods-SpotifyAnalyzer.release.xcconfig"; sourceTree = "<group>"; };
		E5153ABE250CC53500C7E426 /* PlaylistLoader.swift */ = {isa = PBXFileReference; lastKnownFileType = sourcecode.swift; path = PlaylistLoader.swift; sourceTree = "<group>"; };
		E539A9D62517F72000B577B8 /* RefreshTokenResponse.swift */ = {isa = PBXFileReference; lastKnownFileType = sourcecode.swift; path = RefreshTokenResponse.swift; sourceTree = "<group>"; };
		E539A9D82518A51300B577B8 /* CurrentSessionManager.swift */ = {isa = PBXFileReference; lastKnownFileType = sourcecode.swift; path = CurrentSessionManager.swift; sourceTree = "<group>"; };
		E539A9DA2518FA6B00B577B8 /* WebAuthViewController.swift */ = {isa = PBXFileReference; lastKnownFileType = sourcecode.swift; path = WebAuthViewController.swift; sourceTree = "<group>"; };
		E58EB8AD24EC032300ACA2D1 /* ConstantInfo.swift */ = {isa = PBXFileReference; lastKnownFileType = sourcecode.swift; path = ConstantInfo.swift; sourceTree = "<group>"; };
		E597D1B424EA7643001045A0 /* SpotifyAnalyzer.app */ = {isa = PBXFileReference; explicitFileType = wrapper.application; includeInIndex = 0; path = SpotifyAnalyzer.app; sourceTree = BUILT_PRODUCTS_DIR; };
		E597D1B724EA7643001045A0 /* AppDelegate.swift */ = {isa = PBXFileReference; lastKnownFileType = sourcecode.swift; path = AppDelegate.swift; sourceTree = "<group>"; };
		E597D1BB24EA7643001045A0 /* ViewController.swift */ = {isa = PBXFileReference; lastKnownFileType = sourcecode.swift; path = ViewController.swift; sourceTree = "<group>"; };
		E597D1C024EA7645001045A0 /* Assets.xcassets */ = {isa = PBXFileReference; lastKnownFileType = folder.assetcatalog; path = Assets.xcassets; sourceTree = "<group>"; };
		E597D1C324EA7645001045A0 /* Base */ = {isa = PBXFileReference; lastKnownFileType = file.storyboard; name = Base; path = Base.lproj/LaunchScreen.storyboard; sourceTree = "<group>"; };
		E597D1C524EA7645001045A0 /* Info.plist */ = {isa = PBXFileReference; lastKnownFileType = text.plist.xml; path = Info.plist; sourceTree = "<group>"; };
		E597D1CB24EA7E1A001045A0 /* SpotifyiOS.framework */ = {isa = PBXFileReference; lastKnownFileType = wrapper.framework; path = SpotifyiOS.framework; sourceTree = "<group>"; };
		E597D1CD24EA891D001045A0 /* SpotifyAnalyzer-Bridging-Header.h */ = {isa = PBXFileReference; lastKnownFileType = sourcecode.c.h; path = "SpotifyAnalyzer-Bridging-Header.h"; sourceTree = "<group>"; };
		E59B80F8250D140F00E484E9 /* PlaylistsTableViewController.swift */ = {isa = PBXFileReference; lastKnownFileType = sourcecode.swift; path = PlaylistsTableViewController.swift; sourceTree = "<group>"; };
		E59B80FA250D167600E484E9 /* PlaylistTableViewCell.swift */ = {isa = PBXFileReference; lastKnownFileType = sourcecode.swift; path = PlaylistTableViewCell.swift; sourceTree = "<group>"; };
		E59B80FC250DF9B700E484E9 /* PlaylistStore.swift */ = {isa = PBXFileReference; lastKnownFileType = sourcecode.swift; path = PlaylistStore.swift; sourceTree = "<group>"; };
		E59B8100250E0D0C00E484E9 /* PlaylistsResponse.swift */ = {isa = PBXFileReference; lastKnownFileType = sourcecode.swift; path = PlaylistsResponse.swift; sourceTree = "<group>"; };
		E5D83D93251F59D1007D151B /* PlaylistInfoViewController.swift */ = {isa = PBXFileReference; lastKnownFileType = sourcecode.swift; path = PlaylistInfoViewController.swift; sourceTree = "<group>"; };
		E5D83D95251F89A7007D151B /* PlaylistInfo.swift */ = {isa = PBXFileReference; lastKnownFileType = sourcecode.swift; path = PlaylistInfo.swift; sourceTree = "<group>"; };
		E5D83D972521D5D9007D151B /* PlaylistAnalyzer.swift */ = {isa = PBXFileReference; lastKnownFileType = sourcecode.swift; path = PlaylistAnalyzer.swift; sourceTree = "<group>"; };
		E5F3D88124ED0A1500AE5C55 /* AuthorizationClass.swift */ = {isa = PBXFileReference; lastKnownFileType = sourcecode.swift; path = AuthorizationClass.swift; sourceTree = "<group>"; };
		E5F3D88524ED3BEE00AE5C55 /* SceneDelegate.swift */ = {isa = PBXFileReference; fileEncoding = 4; lastKnownFileType = sourcecode.swift; path = SceneDelegate.swift; sourceTree = "<group>"; };
/* End PBXFileReference section */

/* Begin PBXFrameworksBuildPhase section */
		E597D1B124EA7643001045A0 /* Frameworks */ = {
			isa = PBXFrameworksBuildPhase;
			buildActionMask = 2147483647;
			files = (
				E597D1CC24EA7E1A001045A0 /* SpotifyiOS.framework in Frameworks */,
				4C22F0D405B12C29D7F22F6C /* libPods-SpotifyAnalyzer.a in Frameworks */,
			);
			runOnlyForDeploymentPostprocessing = 0;
		};
/* End PBXFrameworksBuildPhase section */

/* Begin PBXGroup section */
		A802D3D0F94445F6F7460726 /* Frameworks */ = {
			isa = PBXGroup;
			children = (
				2E3B1F83CBCCCFD1B25A5D14 /* libPods-SpotifyAnalyzer.a */,
			);
			name = Frameworks;
			sourceTree = "<group>";
		};
		E17B63921F8FEF86FEFBE856 /* Pods */ = {
			isa = PBXGroup;
			children = (
				01C08C4B8EDC204DB3943F9C /* Pods-SpotifyAnalyzer.debug.xcconfig */,
				7BDC908C6752BB183F950F40 /* Pods-SpotifyAnalyzer.release.xcconfig */,
			);
			path = Pods;
			sourceTree = "<group>";
		};
		E597D1AB24EA7643001045A0 = {
			isa = PBXGroup;
			children = (
				E597D1B624EA7643001045A0 /* SpotifyAnalyzer */,
				E597D1B524EA7643001045A0 /* Products */,
				E597D1CB24EA7E1A001045A0 /* SpotifyiOS.framework */,
				E17B63921F8FEF86FEFBE856 /* Pods */,
				A802D3D0F94445F6F7460726 /* Frameworks */,
			);
			sourceTree = "<group>";
		};
		E597D1B524EA7643001045A0 /* Products */ = {
			isa = PBXGroup;
			children = (
				E597D1B424EA7643001045A0 /* SpotifyAnalyzer.app */,
			);
			name = Products;
			sourceTree = "<group>";
		};
		E597D1B624EA7643001045A0 /* SpotifyAnalyzer */ = {
			isa = PBXGroup;
			children = (
				E597D1CD24EA891D001045A0 /* SpotifyAnalyzer-Bridging-Header.h */,
				E597D1B724EA7643001045A0 /* AppDelegate.swift */,
				E5F3D88524ED3BEE00AE5C55 /* SceneDelegate.swift */,
				E59C03902523616F002EECB4 /* Model */,
				E597D1C024EA7645001045A0 /* Assets.xcassets */,
				E597D1C224EA7645001045A0 /* LaunchScreen.storyboard */,
				E597D1C524EA7645001045A0 /* Info.plist */,
				E59C038F2523614A002EECB4 /* View */,
				E59B80FC250DF9B700E484E9 /* PlaylistStore.swift */,
			);
			path = SpotifyAnalyzer;
			sourceTree = "<group>";
		};
		E59C038F2523614A002EECB4 /* View */ = {
			isa = PBXGroup;
			children = (
				E5D83D93251F59D1007D151B /* PlaylistInfoViewController.swift */,
				E597D1BB24EA7643001045A0 /* ViewController.swift */,
				E539A9DA2518FA6B00B577B8 /* WebAuthViewController.swift */,
				E59B80FA250D167600E484E9 /* PlaylistTableViewCell.swift */,
				E59B80F8250D140F00E484E9 /* PlaylistsTableViewController.swift */,
			);
			path = View;
			sourceTree = "<group>";
		};
		E59C03902523616F002EECB4 /* Model */ = {
			isa = PBXGroup;
			children = (
				E5F3D88124ED0A1500AE5C55 /* AuthorizationClass.swift */,
				E539A9D82518A51300B577B8 /* CurrentSessionManager.swift */,
				E5D83D972521D5D9007D151B /* PlaylistAnalyzer.swift */,
				E5153ABE250CC53500C7E426 /* PlaylistLoader.swift */,
				E59B8100250E0D0C00E484E9 /* PlaylistsResponse.swift */,
				E539A9D62517F72000B577B8 /* RefreshTokenResponse.swift */,
				E5D83D95251F89A7007D151B /* PlaylistInfo.swift */,
				E58EB8AD24EC032300ACA2D1 /* ConstantInfo.swift */,
			);
			path = Model;
			sourceTree = "<group>";
		};
/* End PBXGroup section */

/* Begin PBXNativeTarget section */
		E597D1B324EA7643001045A0 /* SpotifyAnalyzer */ = {
			isa = PBXNativeTarget;
			buildConfigurationList = E597D1C824EA7645001045A0 /* Build configuration list for PBXNativeTarget "SpotifyAnalyzer" */;
			buildPhases = (
				3F78A0D04A36F11703CBF062 /* [CP] Check Pods Manifest.lock */,
				E597D1B024EA7643001045A0 /* Sources */,
				E597D1B124EA7643001045A0 /* Frameworks */,
				E597D1B224EA7643001045A0 /* Resources */,
			);
			buildRules = (
			);
			dependencies = (
			);
			name = SpotifyAnalyzer;
			productName = SpotifyAnalyzer;
			productReference = E597D1B424EA7643001045A0 /* SpotifyAnalyzer.app */;
			productType = "com.apple.product-type.application";
		};
/* End PBXNativeTarget section */

/* Begin PBXProject section */
		E597D1AC24EA7643001045A0 /* Project object */ = {
			isa = PBXProject;
			attributes = {
				LastSwiftUpdateCheck = 1160;
				LastUpgradeCheck = 1160;
				ORGANIZATIONNAME = "Николай Рыбин";
				TargetAttributes = {
					E597D1B324EA7643001045A0 = {
						CreatedOnToolsVersion = 11.6;
						ProvisioningStyle = Automatic;
					};
				};
			};
			buildConfigurationList = E597D1AF24EA7643001045A0 /* Build configuration list for PBXProject "SpotifyAnalyzer" */;
			compatibilityVersion = "Xcode 8.0";
			developmentRegion = en;
			hasScannedForEncodings = 0;
			knownRegions = (
				en,
				Base,
			);
			mainGroup = E597D1AB24EA7643001045A0;
			productRefGroup = E597D1B524EA7643001045A0 /* Products */;
			projectDirPath = "";
			projectRoot = "";
			targets = (
				E597D1B324EA7643001045A0 /* SpotifyAnalyzer */,
			);
		};
/* End PBXProject section */

/* Begin PBXResourcesBuildPhase section */
		E597D1B224EA7643001045A0 /* Resources */ = {
			isa = PBXResourcesBuildPhase;
			buildActionMask = 2147483647;
			files = (
				E597D1C424EA7645001045A0 /* LaunchScreen.storyboard in Resources */,
				E597D1C124EA7645001045A0 /* Assets.xcassets in Resources */,
			);
			runOnlyForDeploymentPostprocessing = 0;
		};
/* End PBXResourcesBuildPhase section */

/* Begin PBXShellScriptBuildPhase section */
		3F78A0D04A36F11703CBF062 /* [CP] Check Pods Manifest.lock */ = {
			isa = PBXShellScriptBuildPhase;
			buildActionMask = 2147483647;
			files = (
			);
			inputFileListPaths = (
			);
			inputPaths = (
				"${PODS_PODFILE_DIR_PATH}/Podfile.lock",
				"${PODS_ROOT}/Manifest.lock",
			);
			name = "[CP] Check Pods Manifest.lock";
			outputFileListPaths = (
			);
			outputPaths = (
				"$(DERIVED_FILE_DIR)/Pods-SpotifyAnalyzer-checkManifestLockResult.txt",
			);
			runOnlyForDeploymentPostprocessing = 0;
			shellPath = /bin/sh;
			shellScript = "diff \"${PODS_PODFILE_DIR_PATH}/Podfile.lock\" \"${PODS_ROOT}/Manifest.lock\" > /dev/null\nif [ $? != 0 ] ; then\n    # print error to STDERR\n    echo \"error: The sandbox is not in sync with the Podfile.lock. Run 'pod install' or update your CocoaPods installation.\" >&2\n    exit 1\nfi\n# This output is used by Xcode 'outputs' to avoid re-running this script phase.\necho \"SUCCESS\" > \"${SCRIPT_OUTPUT_FILE_0}\"\n";
			showEnvVarsInLog = 0;
		};
/* End PBXShellScriptBuildPhase section */

/* Begin PBXSourcesBuildPhase section */
		E597D1B024EA7643001045A0 /* Sources */ = {
			isa = PBXSourcesBuildPhase;
			buildActionMask = 2147483647;
			files = (
				E5D83D94251F59D1007D151B /* PlaylistInfoViewController.swift in Sources */,
				E539A9D72517F72000B577B8 /* RefreshTokenResponse.swift in Sources */,
				E5153ABF250CC53500C7E426 /* PlaylistLoader.swift in Sources */,
				E539A9DB2518FA6B00B577B8 /* WebAuthViewController.swift in Sources */,
				E5F3D88624ED3BEE00AE5C55 /* SceneDelegate.swift in Sources */,
				E59B80FD250DF9B700E484E9 /* PlaylistStore.swift in Sources */,
				E59B80F9250D140F00E484E9 /* PlaylistsTableViewController.swift in Sources */,
				E539A9D92518A51300B577B8 /* CurrentSessionManager.swift in Sources */,
				E59B8101250E0D0C00E484E9 /* PlaylistsResponse.swift in Sources */,
				E59B80FB250D167600E484E9 /* PlaylistTableViewCell.swift in Sources */,
				E5D83D96251F89A7007D151B /* PlaylistInfo.swift in Sources */,
				E597D1BC24EA7643001045A0 /* ViewController.swift in Sources */,
				E5F3D88224ED0A1500AE5C55 /* AuthorizationClass.swift in Sources */,
				E5D83D982521D5D9007D151B /* PlaylistAnalyzer.swift in Sources */,
				E597D1B824EA7643001045A0 /* AppDelegate.swift in Sources */,
				E58EB8AE24EC032300ACA2D1 /* ConstantInfo.swift in Sources */,
			);
			runOnlyForDeploymentPostprocessing = 0;
		};
/* End PBXSourcesBuildPhase section */

/* Begin PBXVariantGroup section */
		E597D1C224EA7645001045A0 /* LaunchScreen.storyboard */ = {
			isa = PBXVariantGroup;
			children = (
				E597D1C324EA7645001045A0 /* Base */,
			);
			name = LaunchScreen.storyboard;
			sourceTree = "<group>";
		};
/* End PBXVariantGroup section */

/* Begin XCBuildConfiguration section */
		E597D1C624EA7645001045A0 /* Debug */ = {
			isa = XCBuildConfiguration;
			buildSettings = {
				ALWAYS_SEARCH_USER_PATHS = NO;
				CLANG_ANALYZER_NONNULL = YES;
				CLANG_ANALYZER_NUMBER_OBJECT_CONVERSION = YES_AGGRESSIVE;
				CLANG_CXX_LANGUAGE_STANDARD = "gnu++14";
				CLANG_CXX_LIBRARY = "libc++";
				CLANG_ENABLE_MODULES = YES;
				CLANG_ENABLE_OBJC_ARC = YES;
				CLANG_ENABLE_OBJC_WEAK = YES;
				CLANG_WARN_BLOCK_CAPTURE_AUTORELEASING = YES;
				CLANG_WARN_BOOL_CONVERSION = YES;
				CLANG_WARN_COMMA = YES;
				CLANG_WARN_CONSTANT_CONVERSION = YES;
				CLANG_WARN_DEPRECATED_OBJC_IMPLEMENTATIONS = YES;
				CLANG_WARN_DIRECT_OBJC_ISA_USAGE = YES_ERROR;
				CLANG_WARN_DOCUMENTATION_COMMENTS = YES;
				CLANG_WARN_EMPTY_BODY = YES;
				CLANG_WARN_ENUM_CONVERSION = YES;
				CLANG_WARN_INFINITE_RECURSION = YES;
				CLANG_WARN_INT_CONVERSION = YES;
				CLANG_WARN_NON_LITERAL_NULL_CONVERSION = YES;
				CLANG_WARN_OBJC_IMPLICIT_RETAIN_SELF = YES;
				CLANG_WARN_OBJC_LITERAL_CONVERSION = YES;
				CLANG_WARN_OBJC_ROOT_CLASS = YES_ERROR;
				CLANG_WARN_RANGE_LOOP_ANALYSIS = YES;
				CLANG_WARN_STRICT_PROTOTYPES = YES;
				CLANG_WARN_SUSPICIOUS_MOVE = YES;
				CLANG_WARN_UNGUARDED_AVAILABILITY = YES_AGGRESSIVE;
				CLANG_WARN_UNREACHABLE_CODE = YES;
				CLANG_WARN__DUPLICATE_METHOD_MATCH = YES;
				COPY_PHASE_STRIP = NO;
				DEBUG_INFORMATION_FORMAT = dwarf;
				ENABLE_STRICT_OBJC_MSGSEND = YES;
				ENABLE_TESTABILITY = YES;
				GCC_C_LANGUAGE_STANDARD = gnu11;
				GCC_DYNAMIC_NO_PIC = NO;
				GCC_NO_COMMON_BLOCKS = YES;
				GCC_OPTIMIZATION_LEVEL = 0;
				GCC_PREPROCESSOR_DEFINITIONS = (
					"DEBUG=1",
					"$(inherited)",
				);
				GCC_WARN_64_TO_32_BIT_CONVERSION = YES;
				GCC_WARN_ABOUT_RETURN_TYPE = YES_ERROR;
				GCC_WARN_UNDECLARED_SELECTOR = YES;
				GCC_WARN_UNINITIALIZED_AUTOS = YES_AGGRESSIVE;
				GCC_WARN_UNUSED_FUNCTION = YES;
				GCC_WARN_UNUSED_VARIABLE = YES;
				IPHONEOS_DEPLOYMENT_TARGET = 13.6;
				MTL_ENABLE_DEBUG_INFO = INCLUDE_SOURCE;
				MTL_FAST_MATH = YES;
				ONLY_ACTIVE_ARCH = YES;
				SDKROOT = iphoneos;
				SWIFT_ACTIVE_COMPILATION_CONDITIONS = DEBUG;
				SWIFT_OPTIMIZATION_LEVEL = "-Onone";
			};
			name = Debug;
		};
		E597D1C724EA7645001045A0 /* Release */ = {
			isa = XCBuildConfiguration;
			buildSettings = {
				ALWAYS_SEARCH_USER_PATHS = NO;
				CLANG_ANALYZER_NONNULL = YES;
				CLANG_ANALYZER_NUMBER_OBJECT_CONVERSION = YES_AGGRESSIVE;
				CLANG_CXX_LANGUAGE_STANDARD = "gnu++14";
				CLANG_CXX_LIBRARY = "libc++";
				CLANG_ENABLE_MODULES = YES;
				CLANG_ENABLE_OBJC_ARC = YES;
				CLANG_ENABLE_OBJC_WEAK = YES;
				CLANG_WARN_BLOCK_CAPTURE_AUTORELEASING = YES;
				CLANG_WARN_BOOL_CONVERSION = YES;
				CLANG_WARN_COMMA = YES;
				CLANG_WARN_CONSTANT_CONVERSION = YES;
				CLANG_WARN_DEPRECATED_OBJC_IMPLEMENTATIONS = YES;
				CLANG_WARN_DIRECT_OBJC_ISA_USAGE = YES_ERROR;
				CLANG_WARN_DOCUMENTATION_COMMENTS = YES;
				CLANG_WARN_EMPTY_BODY = YES;
				CLANG_WARN_ENUM_CONVERSION = YES;
				CLANG_WARN_INFINITE_RECURSION = YES;
				CLANG_WARN_INT_CONVERSION = YES;
				CLANG_WARN_NON_LITERAL_NULL_CONVERSION = YES;
				CLANG_WARN_OBJC_IMPLICIT_RETAIN_SELF = YES;
				CLANG_WARN_OBJC_LITERAL_CONVERSION = YES;
				CLANG_WARN_OBJC_ROOT_CLASS = YES_ERROR;
				CLANG_WARN_RANGE_LOOP_ANALYSIS = YES;
				CLANG_WARN_STRICT_PROTOTYPES = YES;
				CLANG_WARN_SUSPICIOUS_MOVE = YES;
				CLANG_WARN_UNGUARDED_AVAILABILITY = YES_AGGRESSIVE;
				CLANG_WARN_UNREACHABLE_CODE = YES;
				CLANG_WARN__DUPLICATE_METHOD_MATCH = YES;
				COPY_PHASE_STRIP = NO;
				DEBUG_INFORMATION_FORMAT = "dwarf-with-dsym";
				ENABLE_NS_ASSERTIONS = NO;
				ENABLE_STRICT_OBJC_MSGSEND = YES;
				GCC_C_LANGUAGE_STANDARD = gnu11;
				GCC_NO_COMMON_BLOCKS = YES;
				GCC_WARN_64_TO_32_BIT_CONVERSION = YES;
				GCC_WARN_ABOUT_RETURN_TYPE = YES_ERROR;
				GCC_WARN_UNDECLARED_SELECTOR = YES;
				GCC_WARN_UNINITIALIZED_AUTOS = YES_AGGRESSIVE;
				GCC_WARN_UNUSED_FUNCTION = YES;
				GCC_WARN_UNUSED_VARIABLE = YES;
				IPHONEOS_DEPLOYMENT_TARGET = 13.6;
				MTL_ENABLE_DEBUG_INFO = NO;
				MTL_FAST_MATH = YES;
				SDKROOT = iphoneos;
				SWIFT_OPTIMIZATION_LEVEL = "-Owholemodule";
				VALIDATE_PRODUCT = YES;
			};
			name = Release;
		};
		E597D1C924EA7645001045A0 /* Debug */ = {
			isa = XCBuildConfiguration;
			baseConfigurationReference = 01C08C4B8EDC204DB3943F9C /* Pods-SpotifyAnalyzer.debug.xcconfig */;
			buildSettings = {
				ALWAYS_EMBED_SWIFT_STANDARD_LIBRARIES = "$(inherited)";
				ASSETCATALOG_COMPILER_APPICON_NAME = AppIcon;
				CODE_SIGN_STYLE = Automatic;
				DEVELOPMENT_TEAM = A5MN54QZUH;
				FRAMEWORK_SEARCH_PATHS = (
					"$(inherited)",
					"$(PROJECT_DIR)",
				);
				INFOPLIST_FILE = SpotifyAnalyzer/Info.plist;
				LD_RUNPATH_SEARCH_PATHS = "$(inherited) @executable_path/Frameworks";
				OTHER_LDFLAGS = (
					"-ObjC",
					"$(inherited)",
				);
				PRODUCT_BUNDLE_IDENTIFIER = MySelfDevelopment.SpotifyAnalyzer;
				PRODUCT_NAME = "$(TARGET_NAME)";
				SWIFT_OBJC_BRIDGING_HEADER = "SpotifyAnalyzer/SpotifyAnalyzer-Bridging-Header.h";
				SWIFT_VERSION = 5.0;
				TARGETED_DEVICE_FAMILY = "1,2";
			};
			name = Debug;
		};
		E597D1CA24EA7645001045A0 /* Release */ = {
			isa = XCBuildConfiguration;
			baseConfigurationReference = 7BDC908C6752BB183F950F40 /* Pods-SpotifyAnalyzer.release.xcconfig */;
			buildSettings = {
				ALWAYS_EMBED_SWIFT_STANDARD_LIBRARIES = "$(inherited)";
				ASSETCATALOG_COMPILER_APPICON_NAME = AppIcon;
				CODE_SIGN_STYLE = Automatic;
				DEVELOPMENT_TEAM = A5MN54QZUH;
				FRAMEWORK_SEARCH_PATHS = (
					"$(inherited)",
					"$(PROJECT_DIR)",
				);
				INFOPLIST_FILE = SpotifyAnalyzer/Info.plist;
				LD_RUNPATH_SEARCH_PATHS = "$(inherited) @executable_path/Frameworks";
				OTHER_LDFLAGS = (
					"-ObjC",
					"$(inherited)",
				);
				PRODUCT_BUNDLE_IDENTIFIER = MySelfDevelopment.SpotifyAnalyzer;
				PRODUCT_NAME = "$(TARGET_NAME)";
				SWIFT_OBJC_BRIDGING_HEADER = "SpotifyAnalyzer/SpotifyAnalyzer-Bridging-Header.h";
				SWIFT_VERSION = 5.0;
				TARGETED_DEVICE_FAMILY = "1,2";
			};
			name = Release;
		};
/* End XCBuildConfiguration section */

/* Begin XCConfigurationList section */
		E597D1AF24EA7643001045A0 /* Build configuration list for PBXProject "SpotifyAnalyzer" */ = {
			isa = XCConfigurationList;
			buildConfigurations = (
				E597D1C624EA7645001045A0 /* Debug */,
				E597D1C724EA7645001045A0 /* Release */,
			);
			defaultConfigurationIsVisible = 0;
			defaultConfigurationName = Release;
		};
		E597D1C824EA7645001045A0 /* Build configuration list for PBXNativeTarget "SpotifyAnalyzer" */ = {
			isa = XCConfigurationList;
			buildConfigurations = (
				E597D1C924EA7645001045A0 /* Debug */,
				E597D1CA24EA7645001045A0 /* Release */,
			);
			defaultConfigurationIsVisible = 0;
			defaultConfigurationName = Release;
		};
/* End XCConfigurationList section */
	};
	rootObject = E597D1AC24EA7643001045A0 /* Project object */;
}
